<?xml version="1.0" encoding="utf-8"?>
<Project ToolsVersion="4.0" xmlns="http://schemas.microsoft.com/developer/msbuild/2003">
  <ItemGroup>
    <Filter Include="Source Files">
      <UniqueIdentifier>{4FC737F1-C7A5-4376-A066-2A32D752A2FF}</UniqueIdentifier>
      <Extensions>cpp;c;cc;cxx;def;odl;idl;hpj;bat;asm;asmx</Extensions>
    </Filter>
    <Filter Include="Header Files">
      <UniqueIdentifier>{93995380-89BD-4b04-88EB-625FBE52EBFB}</UniqueIdentifier>
      <Extensions>h;hh;hpp;hxx;hm;inl;inc;xsd</Extensions>
    </Filter>
    <Filter Include="Resource Files">
      <UniqueIdentifier>{67DA6AB6-F800-4c08-8B7A-83BB121AAD01}</UniqueIdentifier>
      <Extensions>rc;ico;cur;bmp;dlg;rc2;rct;bin;rgs;gif;jpg;jpeg;jpe;resx;tiff;tif;png;wav</Extensions>
    </Filter>
  </ItemGroup>
  <ItemGroup>
    <ClCompile Include="blocks\converters\BasicTypeConverter.cpp">
      <Filter>Source Files</Filter>
    </ClCompile>
    <ClCompile Include="blocks\converters\CharOrdinalConverter.cpp">
      <Filter>Source Files</Filter>
    </ClCompile>
    <ClCompile Include="blocks\converters\OrdinalConverter.cpp">
      <Filter>Source Files</Filter>
    </ClCompile>
    <ClCompile Include="blocks\sinks\OstreamSink.cpp">
      <Filter>Source Files</Filter>
    </ClCompile>
    <ClCompile Include="blocks\sources\CsvFileSource.cpp">
      <Filter>Source Files</Filter>
    </ClCompile>
    <ClCompile Include="blocks\text\SplitLineBlock.cpp">
      <Filter>Source Files</Filter>
    </ClCompile>
    <ClCompile Include="blocks\text\SplitWordsBlock.cpp">
      <Filter>Source Files</Filter>
    </ClCompile>
    <ClCompile Include="blocks\text\TextCsvParser.cpp">
      <Filter>Source Files</Filter>
    </ClCompile>
    <ClCompile Include="codec\LsbitToMsbitOperation.cpp">
      <Filter>Source Files</Filter>
    </ClCompile>
    <ClCompile Include="codec\MsbitToLsbitOperation.cpp">
      <Filter>Source Files</Filter>
    </ClCompile>
    <ClCompile Include="common\base64.cpp">
      <Filter>Source Files</Filter>
    </ClCompile>
    <ClCompile Include="common\BlockManager.cpp">
      <Filter>Source Files</Filter>
    </ClCompile>
    <ClCompile Include="common\BlockRunner.cpp">
      <Filter>Source Files</Filter>
    </ClCompile>
    <ClCompile Include="common\CsvParser.cpp">
      <Filter>Source Files</Filter>
    </ClCompile>
    <ClCompile Include="common\CsvStreamParser.cpp">
      <Filter>Source Files</Filter>
    </ClCompile>
    <ClCompile Include="common\MemInputStream.cpp">
      <Filter>Source Files</Filter>
    </ClCompile>
    <ClCompile Include="common\sha1.cpp">
      <Filter>Source Files</Filter>
    </ClCompile>
    <ClCompile Include="common\TimeTick.cpp">
      <Filter>Source Files</Filter>
    </ClCompile>
    <ClCompile Include="src\main.cpp">
      <Filter>Source Files</Filter>
    </ClCompile>
  </ItemGroup>
  <ItemGroup>
    <ClInclude Include="blocks\basicop\Buffer.h">
      <Filter>Header Files</Filter>
    </ClInclude>
    <ClInclude Include="blocks\basicop\Demultiplex.h">
      <Filter>Header Files</Filter>
    </ClInclude>
    <ClInclude Include="blocks\basicop\Duplicator.h">
      <Filter>Header Files</Filter>
    </ClInclude>
    <ClInclude Include="blocks\basicop\Multiplex.h">
      <Filter>Header Files</Filter>
    </ClInclude>
    <ClInclude Include="blocks\basicop\Splitter.h">
      <Filter>Header Files</Filter>
    </ClInclude>
    <ClInclude Include="blocks\basicop\Transpose.h">
      <Filter>Header Files</Filter>
    </ClInclude>
    <ClInclude Include="blocks\converters\BasicTypeConverter.h">
      <Filter>Header Files</Filter>
    </ClInclude>
    <ClInclude Include="blocks\converters\CharOrdinalConverter.h">
      <Filter>Header Files</Filter>
    </ClInclude>
    <ClInclude Include="blocks\converters\OrdinalConverter.h">
      <Filter>Header Files</Filter>
    </ClInclude>
    <ClInclude Include="blocks\converters\ToMatrixConverter.h">
      <Filter>Header Files</Filter>
    </ClInclude>
    <ClInclude Include="blocks\filters\Delay.h">
      <Filter>Header Files</Filter>
    </ClInclude>
    <ClInclude Include="blocks\filters\DownSample.h">
      <Filter>Header Files</Filter>
    </ClInclude>
    <ClInclude Include="blocks\math\Arccosh.h">
      <Filter>Header Files</Filter>
    </ClInclude>
    <ClInclude Include="blocks\math\Arcsinh.h">
      <Filter>Header Files</Filter>
    </ClInclude>
    <ClInclude Include="blocks\math\Arctanh.h">
      <Filter>Header Files</Filter>
    </ClInclude>
    <ClInclude Include="blocks\math\Average.h">
      <Filter>Header Files</Filter>
    </ClInclude>
    <ClInclude Include="blocks\math\BinaryOperator.h">
      <Filter>Header Files</Filter>
    </ClInclude>
    <ClInclude Include="blocks\math\ConstPow.h">
      <Filter>Header Files</Filter>
    </ClInclude>
    <ClInclude Include="blocks\math\Cos.h">
      <Filter>Header Files</Filter>
    </ClInclude>
    <ClInclude Include="blocks\math\Difference.h">
      <Filter>Header Files</Filter>
    </ClInclude>
    <ClInclude Include="blocks\math\Expm1.h">
      <Filter>Header Files</Filter>
    </ClInclude>
    <ClInclude Include="blocks\math\Gain.h">
      <Filter>Header Files</Filter>
    </ClInclude>
    <ClInclude Include="blocks\math\Log1p.h">
      <Filter>Header Files</Filter>
    </ClInclude>
    <ClInclude Include="blocks\math\NOperator.h">
      <Filter>Header Files</Filter>
    </ClInclude>
    <ClInclude Include="blocks\math\Product.h">
      <Filter>Header Files</Filter>
    </ClInclude>
    <ClInclude Include="blocks\math\RunningAverage.h">
      <Filter>Header Files</Filter>
    </ClInclude>
    <ClInclude Include="blocks\math\Sin.h">
      <Filter>Header Files</Filter>
    </ClInclude>
    <ClInclude Include="blocks\math\Sum.h">
      <Filter>Header Files</Filter>
    </ClInclude>
    <ClInclude Include="blocks\math\Tan.h">
      <Filter>Header Files</Filter>
    </ClInclude>
    <ClInclude Include="blocks\math\UnaryOperator.h">
      <Filter>Header Files</Filter>
    </ClInclude>
    <ClInclude Include="blocks\sinks\ArchiverSink.h">
      <Filter>Header Files</Filter>
    </ClInclude>
    <ClInclude Include="blocks\sinks\FileSinkCreator.h">
      <Filter>Header Files</Filter>
    </ClInclude>
    <ClInclude Include="blocks\sinks\JsonDataExtractableSink.h">
      <Filter>Header Files</Filter>
    </ClInclude>
    <ClInclude Include="blocks\sinks\OstreamSink.h">
      <Filter>Header Files</Filter>
    </ClInclude>
    <ClInclude Include="blocks\sinks\StdoutSink.h">
      <Filter>Header Files</Filter>
    </ClInclude>
    <ClInclude Include="blocks\sinks\Terminator.h">
      <Filter>Header Files</Filter>
    </ClInclude>
    <ClInclude Include="blocks\sources\ComplexStreamSource.h">
      <Filter>Header Files</Filter>
    </ClInclude>
    <ClInclude Include="blocks\sources\ConstantSource.h">
      <Filter>Header Files</Filter>
    </ClInclude>
    <ClInclude Include="blocks\sources\CsvFileSource.h">
      <Filter>Header Files</Filter>
    </ClInclude>
    <ClInclude Include="blocks\sources\FileSourceCreator.h">
      <Filter>Header Files</Filter>
    </ClInclude>
    <ClInclude Include="blocks\sources\IstreamSource.h">
      <Filter>Header Files</Filter>
    </ClInclude>
    <ClInclude Include="blocks\sources\LinearSource.h">
      <Filter>Header Files</Filter>
    </ClInclude>
    <ClInclude Include="blocks\sources\PulseSource.h">
      <Filter>Header Files</Filter>
    </ClInclude>
    <ClInclude Include="blocks\sources\RandomSource.h">
      <Filter>Header Files</Filter>
    </ClInclude>
    <ClInclude Include="blocks\sources\SelectiveCsvFileSource.h">
      <Filter>Header Files</Filter>
    </ClInclude>
    <ClInclude Include="blocks\sources\StepSource.h">
      <Filter>Header Files</Filter>
    </ClInclude>
    <ClInclude Include="blocks\text\SplitLineBlock.h">
      <Filter>Header Files</Filter>
    </ClInclude>
    <ClInclude Include="blocks\text\SplitWordsBlock.h">
      <Filter>Header Files</Filter>
    </ClInclude>
    <ClInclude Include="blocks\text\TextCsvParser.h">
      <Filter>Header Files</Filter>
    </ClInclude>
    <ClInclude Include="codec\BitOperation.h">
      <Filter>Header Files</Filter>
    </ClInclude>
    <ClInclude Include="codec\BitReadInfo.h">
      <Filter>Header Files</Filter>
    </ClInclude>
    <ClInclude Include="codec\LsbitToMsbitOperation.h">
      <Filter>Header Files</Filter>
    </ClInclude>
    <ClInclude Include="codec\MsbitToLsbitOperation.h">
      <Filter>Header Files</Filter>
    </ClInclude>
    <ClInclude Include="common\base64.h">
      <Filter>Header Files</Filter>
    </ClInclude>
    <ClInclude Include="common\BlockManager.h">
      <Filter>Header Files</Filter>
    </ClInclude>
    <ClInclude Include="common\BlockRunner.h">
      <Filter>Header Files</Filter>
    </ClInclude>
    <ClInclude Include="common\BlockTypes.h">
      <Filter>Header Files</Filter>
    </ClInclude>
    <ClInclude Include="common\CallbackTypes.h">
      <Filter>Header Files</Filter>
    </ClInclude>
    <ClInclude Include="common\CsvParser.h">
      <Filter>Header Files</Filter>
    </ClInclude>
    <ClInclude Include="common\CsvStreamParser.h">
      <Filter>Header Files</Filter>
    </ClInclude>
    <ClInclude Include="common\GenericCopy.h">
      <Filter>Header Files</Filter>
    </ClInclude>
    <ClInclude Include="common\IPort.h">
      <Filter>Header Files</Filter>
    </ClInclude>
    <ClInclude Include="common\logging.h">
      <Filter>Header Files</Filter>
    </ClInclude>
    <ClInclude Include="common\MemInputStream.h">
      <Filter>Header Files</Filter>
    </ClInclude>
    <ClInclude Include="common\MixedPort.h">
      <Filter>Header Files</Filter>
    </ClInclude>
    <ClInclude Include="common\Port.h">
      <Filter>Header Files</Filter>
    </ClInclude>
    <ClInclude Include="common\PortType.h">
      <Filter>Header Files</Filter>
    </ClInclude>
    <ClInclude Include="common\SB.h">
      <Filter>Header Files</Filter>
    </ClInclude>
    <ClInclude Include="common\sha1.h">
      <Filter>Header Files</Filter>
    </ClInclude>
    <ClInclude Include="common\TimeTick.h">
      <Filter>Header Files</Filter>
    </ClInclude>
    <ClInclude Include="test\catch.hpp">
      <Filter>Header Files</Filter>
    </ClInclude>
  </ItemGroup>
</Project>